
Microsoft Visual Studio Solution File, Format Version 12.00
# Visual Studio Version 17
VisualStudioVersion = 17.5.002.0
MinimumVisualStudioVersion = 10.0.40219.1
Project("{9A19103F-16F7-4668-BE54-9A1E7A4F7556}") = "ExemploExporando", "ExemploExporando.csproj", "{5C394B06-169E-40D4-85C3-B54953B02BAE}"
EndProject
Global
	GlobalSection(SolutionConfigurationPlatforms) = preSolution
		Debug|Any CPU = Debug|Any CPU
		Release|Any CPU = Release|Any CPU
	EndGlobalSection
	GlobalSection(ProjectConfigurationPlatforms) = postSolution
		{5C394B06-169E-40D4-85C3-B54953B02BAE}.Debug|Any CPU.ActiveCfg = Debug|Any CPU
		{5C394B06-169E-40D4-85C3-B54953B02BAE}.Debug|Any CPU.Build.0 = Debug|Any CPU
		{5C394B06-169E-40D4-85C3-B54953B02BAE}.Release|Any CPU.ActiveCfg = Release|Any CPU
		{5C394B06-169E-40D4-85C3-B54953B02BAE}.Release|Any CPU.Build.0 = Release|Any CPU
	EndGlobalSection
	GlobalSection(SolutionProperties) = preSolution
		HideSolutionNode = FALSE
	EndGlobalSection
	GlobalSection(ExtensibilityGlobals) = postSolution
		SolutionGuid = {EED4575E-ED06-43AC-8A30-E7C0D92F7EE9}
	EndGlobalSection
EndGlobal
